
Microsoft Visual Studio Solution File, Format Version 12.00
# Visual Studio Version 17
VisualStudioVersion = 17.4.33205.214
MinimumVisualStudioVersion = 10.0.40219.1
Project("{9A19103F-16F7-4668-BE54-9A1E7A4F7556}") = "SkillsAPI", "SkillsAPI.csproj", "{7D23745F-4037-4E18-817F-812C43035325}"
EndProject
Global
	GlobalSection(SolutionConfigurationPlatforms) = preSolution
		Debug|Any CPU = Debug|Any CPU
		Release|Any CPU = Release|Any CPU
	EndGlobalSection
	GlobalSection(ProjectConfigurationPlatforms) = postSolution
		{7D23745F-4037-4E18-817F-812C43035325}.Debug|Any CPU.ActiveCfg = Debug|Any CPU
		{7D23745F-4037-4E18-817F-812C43035325}.Debug|Any CPU.Build.0 = Debug|Any CPU
		{7D23745F-4037-4E18-817F-812C43035325}.Release|Any CPU.ActiveCfg = Release|Any CPU
		{7D23745F-4037-4E18-817F-812C43035325}.Release|Any CPU.Build.0 = Release|Any CPU
	EndGlobalSection
	GlobalSection(SolutionProperties) = preSolution
		HideSolutionNode = FALSE
	EndGlobalSection
	GlobalSection(ExtensibilityGlobals) = postSolution
		SolutionGuid = {77758019-2516-4E43-84D5-A3A0ED08BCBC}
	EndGlobalSection
EndGlobal
